
Microsoft Visual Studio Solution File, Format Version 12.00
# Visual Studio 15
VisualStudioVersion = 15.0.27130.2010
MinimumVisualStudioVersion = 10.0.40219.1
Project("{8BC9CEB8-8B4A-11D0-8D11-00A0C91BC942}") = "NtStructsDef", "NtStructsDef\NtStructsDef.vcxproj", "{FD0A3816-50C5-44FD-85A8-53979FA414C9}"
EndProject
Global
	GlobalSection(SolutionConfigurationPlatforms) = preSolution
		Debug|ARM = Debug|ARM
		Debug|ARM64 = Debug|ARM64
		Debug|x64 = Debug|x64
		Debug|x86 = Debug|x86
		Release|ARM = Release|ARM
		Release|ARM64 = Release|ARM64
		Release|x64 = Release|x64
		Release|x86 = Release|x86
	EndGlobalSection
	GlobalSection(ProjectConfigurationPlatforms) = postSolution
		{FD0A3816-50C5-44FD-85A8-53979FA414C9}.Debug|ARM.ActiveCfg = Debug|ARM
		{FD0A3816-50C5-44FD-85A8-53979FA414C9}.Debug|ARM.Build.0 = Debug|ARM
		{FD0A3816-50C5-44FD-85A8-53979FA414C9}.Debug|ARM.Deploy.0 = Debug|ARM
		{FD0A3816-50C5-44FD-85A8-53979FA414C9}.Debug|ARM64.ActiveCfg = Debug|ARM64
		{FD0A3816-50C5-44FD-85A8-53979FA414C9}.Debug|ARM64.Build.0 = Debug|ARM64
		{FD0A3816-50C5-44FD-85A8-53979FA414C9}.Debug|ARM64.Deploy.0 = Debug|ARM64
		{FD0A3816-50C5-44FD-85A8-53979FA414C9}.Debug|x64.ActiveCfg = Debug|x64
		{FD0A3816-50C5-44FD-85A8-53979FA414C9}.Debug|x64.Build.0 = Debug|x64
		{FD0A3816-50C5-44FD-85A8-53979FA414C9}.Debug|x64.Deploy.0 = Debug|x64
		{FD0A3816-50C5-44FD-85A8-53979FA414C9}.Debug|x86.ActiveCfg = Debug|Win32
		{FD0A3816-50C5-44FD-85A8-53979FA414C9}.Debug|x86.Build.0 = Debug|Win32
		{FD0A3816-50C5-44FD-85A8-53979FA414C9}.Debug|x86.Deploy.0 = Debug|Win32
		{FD0A3816-50C5-44FD-85A8-53979FA414C9}.Release|ARM.ActiveCfg = Release|ARM
		{FD0A3816-50C5-44FD-85A8-53979FA414C9}.Release|ARM.Build.0 = Release|ARM
		{FD0A3816-50C5-44FD-85A8-53979FA414C9}.Release|ARM.Deploy.0 = Release|ARM
		{FD0A3816-50C5-44FD-85A8-53979FA414C9}.Release|ARM64.ActiveCfg = Release|ARM64
		{FD0A3816-50C5-44FD-85A8-53979FA414C9}.Release|ARM64.Build.0 = Release|ARM64
		{FD0A3816-50C5-44FD-85A8-53979FA414C9}.Release|ARM64.Deploy.0 = Release|ARM64
		{FD0A3816-50C5-44FD-85A8-53979FA414C9}.Release|x64.ActiveCfg = Release|x64
		{FD0A3816-50C5-44FD-85A8-53979FA414C9}.Release|x64.Build.0 = Release|x64
		{FD0A3816-50C5-44FD-85A8-53979FA414C9}.Release|x64.Deploy.0 = Release|x64
		{FD0A3816-50C5-44FD-85A8-53979FA414C9}.Release|x86.ActiveCfg = Release|Win32
		{FD0A3816-50C5-44FD-85A8-53979FA414C9}.Release|x86.Build.0 = Release|Win32
		{FD0A3816-50C5-44FD-85A8-53979FA414C9}.Release|x86.Deploy.0 = Release|Win32
	EndGlobalSection
	GlobalSection(SolutionProperties) = preSolution
		HideSolutionNode = FALSE
	EndGlobalSection
	GlobalSection(ExtensibilityGlobals) = postSolution
		SolutionGuid = {50E2F298-6098-47E6-BCDE-70DE2B05CE97}
	EndGlobalSection
EndGlobal
